
Microsoft Visual Studio Solution File, Format Version 12.00
# Visual Studio 15
VisualStudioVersion = 15.0.28010.2019
MinimumVisualStudioVersion = 10.0.40219.1
Project("{FAE04EC0-301F-11D3-BF4B-00C04F79EFBC}") = "S5 Tests", "S5 Tests\S5 Tests.csproj", "{D8C0E575-D702-4319-9CB9-B36E356BFEF4}"
EndProject
Global
	GlobalSection(SolutionConfigurationPlatforms) = preSolution
		Debug|Any CPU = Debug|Any CPU
		Release|Any CPU = Release|Any CPU
	EndGlobalSection
	GlobalSection(ProjectConfigurationPlatforms) = postSolution
		{D8C0E575-D702-4319-9CB9-B36E356BFEF4}.Debug|Any CPU.ActiveCfg = Debug|Any CPU
		{D8C0E575-D702-4319-9CB9-B36E356BFEF4}.Debug|Any CPU.Build.0 = Debug|Any CPU
		{D8C0E575-D702-4319-9CB9-B36E356BFEF4}.Release|Any CPU.ActiveCfg = Release|Any CPU
		{D8C0E575-D702-4319-9CB9-B36E356BFEF4}.Release|Any CPU.Build.0 = Release|Any CPU
	EndGlobalSection
	GlobalSection(SolutionProperties) = preSolution
		HideSolutionNode = FALSE
	EndGlobalSection
	GlobalSection(ExtensibilityGlobals) = postSolution
		SolutionGuid = {AE426B74-A0C9-49BC-8858-EDF29F93D9A5}
	EndGlobalSection
EndGlobal
